// !$*UTF8*$!
{
	archiveVersion = 1;
	classes = {
	};
	objectVersion = 46;
	objects = {

/* Begin PBXBuildFile section */
		2877A8C71EDD441D0026AF21 /* BMPManager.cpp in Sources */ = {isa = PBXBuildFile; fileRef = 2877A8B61EDD441D0026AF21 /* BMPManager.cpp */; };
		2877A8C81EDD441D0026AF21 /* BMPManager.hpp in Sources */ = {isa = PBXBuildFile; fileRef = 2877A8B71EDD441D0026AF21 /* BMPManager.hpp */; };
		2877A8C91EDD441D0026AF21 /* main.cpp in Sources */ = {isa = PBXBuildFile; fileRef = 2877A8B81EDD441D0026AF21 /* main.cpp */; };
		2877A8CA1EDD441D0026AF21 /* Matrix.cpp in Sources */ = {isa = PBXBuildFile; fileRef = 2877A8B91EDD441D0026AF21 /* Matrix.cpp */; };
		2877A8CB1EDD441D0026AF21 /* Matrix.hpp in Sources */ = {isa = PBXBuildFile; fileRef = 2877A8BA1EDD441D0026AF21 /* Matrix.hpp */; };
		2877A8CC1EDD441D0026AF21 /* Mesh.cpp in Sources */ = {isa = PBXBuildFile; fileRef = 2877A8BB1EDD441D0026AF21 /* Mesh.cpp */; };
		2877A8CD1EDD441D0026AF21 /* Mesh.hpp in Sources */ = {isa = PBXBuildFile; fileRef = 2877A8BC1EDD441D0026AF21 /* Mesh.hpp */; };
		2877A8CE1EDD441D0026AF21 /* Model.cpp in Sources */ = {isa = PBXBuildFile; fileRef = 2877A8BD1EDD441D0026AF21 /* Model.cpp */; };
		2877A8CF1EDD441D0026AF21 /* Model.hpp in Sources */ = {isa = PBXBuildFile; fileRef = 2877A8BE1EDD441D0026AF21 /* Model.hpp */; };
		2877A8D01EDD441D0026AF21 /* ObjectProperties.cpp in Sources */ = {isa = PBXBuildFile; fileRef = 2877A8BF1EDD441D0026AF21 /* ObjectProperties.cpp */; };
		2877A8D11EDD441D0026AF21 /* ObjectProperties.hpp in Sources */ = {isa = PBXBuildFile; fileRef = 2877A8C01EDD441D0026AF21 /* ObjectProperties.hpp */; };
		2877A8D21EDD441D0026AF21 /* RasTransform.cpp in Sources */ = {isa = PBXBuildFile; fileRef = 2877A8C11EDD441D0026AF21 /* RasTransform.cpp */; };
		2877A8D31EDD441D0026AF21 /* RasTransform.hpp in Sources */ = {isa = PBXBuildFile; fileRef = 2877A8C21EDD441D0026AF21 /* RasTransform.hpp */; };
		2877A8D41EDD441D0026AF21 /* Renderer.cpp in Sources */ = {isa = PBXBuildFile; fileRef = 2877A8C31EDD441D0026AF21 /* Renderer.cpp */; };
		2877A8D51EDD441D0026AF21 /* Renderer.hpp in Sources */ = {isa = PBXBuildFile; fileRef = 2877A8C41EDD441D0026AF21 /* Renderer.hpp */; };
		2877A8D61EDD441D0026AF21 /* Vector.cpp in Sources */ = {isa = PBXBuildFile; fileRef = 2877A8C51EDD441D0026AF21 /* Vector.cpp */; };
		2877A8D71EDD441D0026AF21 /* Vector.hpp in Sources */ = {isa = PBXBuildFile; fileRef = 2877A8C61EDD441D0026AF21 /* Vector.hpp */; };
		2877A8DA1EDDD7220026AF21 /* Quaternion.cpp in Sources */ = {isa = PBXBuildFile; fileRef = 2877A8D81EDDD7220026AF21 /* Quaternion.cpp */; };
		28A42F8D1EE1CDA400921E1A /* EulerAngles.cpp in Sources */ = {isa = PBXBuildFile; fileRef = 28A42F8B1EE1CDA400921E1A /* EulerAngles.cpp */; };
		28A42F901EE1CDC700921E1A /* RotationMatrix.cpp in Sources */ = {isa = PBXBuildFile; fileRef = 28A42F8E1EE1CDC700921E1A /* RotationMatrix.cpp */; };
		28C97A551EE40A11006D3C95 /* Light.cpp in Sources */ = {isa = PBXBuildFile; fileRef = 28C97A531EE40A11006D3C95 /* Light.cpp */; };
		28C97A571EE40C45006D3C95 /* RasMath.hpp in Sources */ = {isa = PBXBuildFile; fileRef = 28C97A561EE40BFA006D3C95 /* RasMath.hpp */; };
/* End PBXBuildFile section */

/* Begin PBXCopyFilesBuildPhase section */
		283107EE1EDC02FC006746EC /* CopyFiles */ = {
			isa = PBXCopyFilesBuildPhase;
			buildActionMask = 2147483647;
			dstPath = /usr/share/man/man1/;
			dstSubfolderSpec = 0;
			files = (
			);
			runOnlyForDeploymentPostprocessing = 1;
		};
/* End PBXCopyFilesBuildPhase section */

/* Begin PBXFileReference section */
		283107F01EDC02FC006746EC /* 3DRasEngine */ = {isa = PBXFileReference; explicitFileType = "compiled.mach-o.executable"; includeInIndex = 0; path = 3DRasEngine; sourceTree = BUILT_PRODUCTS_DIR; };
		2877A8B51EDD440E0026AF21 /* src */ = {isa = PBXFileReference; lastKnownFileType = folder; name = src; path = ../src; sourceTree = "<group>"; };
		2877A8B61EDD441D0026AF21 /* BMPManager.cpp */ = {isa = PBXFileReference; lastKnownFileType = sourcecode.cpp.cpp; name = BMPManager.cpp; path = ../src/BMPManager.cpp; sourceTree = "<group>"; };
		2877A8B71EDD441D0026AF21 /* BMPManager.hpp */ = {isa = PBXFileReference; lastKnownFileType = sourcecode.cpp.h; name = BMPManager.hpp; path = ../src/BMPManager.hpp; sourceTree = "<group>"; };
		2877A8B81EDD441D0026AF21 /* main.cpp */ = {isa = PBXFileReference; lastKnownFileType = sourcecode.cpp.cpp; name = main.cpp; path = ../src/main.cpp; sourceTree = "<group>"; };
		2877A8B91EDD441D0026AF21 /* Matrix.cpp */ = {isa = PBXFileReference; lastKnownFileType = sourcecode.cpp.cpp; name = Matrix.cpp; path = ../src/Matrix.cpp; sourceTree = "<group>"; };
		2877A8BA1EDD441D0026AF21 /* Matrix.hpp */ = {isa = PBXFileReference; lastKnownFileType = sourcecode.cpp.h; name = Matrix.hpp; path = ../src/Matrix.hpp; sourceTree = "<group>"; };
		2877A8BB1EDD441D0026AF21 /* Mesh.cpp */ = {isa = PBXFileReference; lastKnownFileType = sourcecode.cpp.cpp; name = Mesh.cpp; path = ../src/Mesh.cpp; sourceTree = "<group>"; };
		2877A8BC1EDD441D0026AF21 /* Mesh.hpp */ = {isa = PBXFileReference; lastKnownFileType = sourcecode.cpp.h; name = Mesh.hpp; path = ../src/Mesh.hpp; sourceTree = "<group>"; };
		2877A8BD1EDD441D0026AF21 /* Model.cpp */ = {isa = PBXFileReference; lastKnownFileType = sourcecode.cpp.cpp; name = Model.cpp; path = ../src/Model.cpp; sourceTree = "<group>"; };
		2877A8BE1EDD441D0026AF21 /* Model.hpp */ = {isa = PBXFileReference; lastKnownFileType = sourcecode.cpp.h; name = Model.hpp; path = ../src/Model.hpp; sourceTree = "<group>"; };
		2877A8BF1EDD441D0026AF21 /* ObjectProperties.cpp */ = {isa = PBXFileReference; lastKnownFileType = sourcecode.cpp.cpp; name = ObjectProperties.cpp; path = ../src/ObjectProperties.cpp; sourceTree = "<group>"; };
		2877A8C01EDD441D0026AF21 /* ObjectProperties.hpp */ = {isa = PBXFileReference; lastKnownFileType = sourcecode.cpp.h; name = ObjectProperties.hpp; path = ../src/ObjectProperties.hpp; sourceTree = "<group>"; };
		2877A8C11EDD441D0026AF21 /* RasTransform.cpp */ = {isa = PBXFileReference; lastKnownFileType = sourcecode.cpp.cpp; name = RasTransform.cpp; path = ../src/RasTransform.cpp; sourceTree = "<group>"; };
		2877A8C21EDD441D0026AF21 /* RasTransform.hpp */ = {isa = PBXFileReference; lastKnownFileType = sourcecode.cpp.h; name = RasTransform.hpp; path = ../src/RasTransform.hpp; sourceTree = "<group>"; };
		2877A8C31EDD441D0026AF21 /* Renderer.cpp */ = {isa = PBXFileReference; lastKnownFileType = sourcecode.cpp.cpp; name = Renderer.cpp; path = ../src/Renderer.cpp; sourceTree = "<group>"; };
		2877A8C41EDD441D0026AF21 /* Renderer.hpp */ = {isa = PBXFileReference; lastKnownFileType = sourcecode.cpp.h; name = Renderer.hpp; path = ../src/Renderer.hpp; sourceTree = "<group>"; };
		2877A8C51EDD441D0026AF21 /* Vector.cpp */ = {isa = PBXFileReference; lastKnownFileType = sourcecode.cpp.cpp; name = Vector.cpp; path = ../src/Vector.cpp; sourceTree = "<group>"; };
		2877A8C61EDD441D0026AF21 /* Vector.hpp */ = {isa = PBXFileReference; lastKnownFileType = sourcecode.cpp.h; name = Vector.hpp; path = ../src/Vector.hpp; sourceTree = "<group>"; };
		2877A8D81EDDD7220026AF21 /* Quaternion.cpp */ = {isa = PBXFileReference; fileEncoding = 4; lastKnownFileType = sourcecode.cpp.cpp; name = Quaternion.cpp; path = ../src/Quaternion.cpp; sourceTree = "<group>"; };
		2877A8D91EDDD7220026AF21 /* Quaternion.hpp */ = {isa = PBXFileReference; fileEncoding = 4; lastKnownFileType = sourcecode.cpp.h; name = Quaternion.hpp; path = ../src/Quaternion.hpp; sourceTree = "<group>"; };
		28A42F8B1EE1CDA400921E1A /* EulerAngles.cpp */ = {isa = PBXFileReference; fileEncoding = 4; lastKnownFileType = sourcecode.cpp.cpp; name = EulerAngles.cpp; path = ../src/EulerAngles.cpp; sourceTree = "<group>"; };
		28A42F8C1EE1CDA400921E1A /* EulerAngles.hpp */ = {isa = PBXFileReference; fileEncoding = 4; lastKnownFileType = sourcecode.cpp.h; name = EulerAngles.hpp; path = ../src/EulerAngles.hpp; sourceTree = "<group>"; };
		28A42F8E1EE1CDC700921E1A /* RotationMatrix.cpp */ = {isa = PBXFileReference; fileEncoding = 4; lastKnownFileType = sourcecode.cpp.cpp; name = RotationMatrix.cpp; path = ../src/RotationMatrix.cpp; sourceTree = "<group>"; };
		28A42F8F1EE1CDC700921E1A /* RotationMatrix.hpp */ = {isa = PBXFileReference; fileEncoding = 4; lastKnownFileType = sourcecode.cpp.h; name = RotationMatrix.hpp; path = ../src/RotationMatrix.hpp; sourceTree = "<group>"; };
		28C97A531EE40A11006D3C95 /* Light.cpp */ = {isa = PBXFileReference; fileEncoding = 4; lastKnownFileType = sourcecode.cpp.cpp; name = Light.cpp; path = ../src/Light.cpp; sourceTree = "<group>"; };
		28C97A541EE40A11006D3C95 /* Light.hpp */ = {isa = PBXFileReference; fileEncoding = 4; lastKnownFileType = sourcecode.cpp.h; name = Light.hpp; path = ../src/Light.hpp; sourceTree = "<group>"; };
		28C97A561EE40BFA006D3C95 /* RasMath.hpp */ = {isa = PBXFileReference; lastKnownFileType = sourcecode.cpp.h; name = RasMath.hpp; path = ../src/RasMath.hpp; sourceTree = "<group>"; };
/* End PBXFileReference section */

/* Begin PBXFrameworksBuildPhase section */
		283107ED1EDC02FC006746EC /* Frameworks */ = {
			isa = PBXFrameworksBuildPhase;
			buildActionMask = 2147483647;
			files = (
			);
			runOnlyForDeploymentPostprocessing = 0;
		};
/* End PBXFrameworksBuildPhase section */

/* Begin PBXGroup section */
		283107E71EDC02FC006746EC = {
			isa = PBXGroup;
			children = (
				2877A8D81EDDD7220026AF21 /* Quaternion.cpp */,
				2877A8D91EDDD7220026AF21 /* Quaternion.hpp */,
				2877A8B61EDD441D0026AF21 /* BMPManager.cpp */,
				2877A8B71EDD441D0026AF21 /* BMPManager.hpp */,
				2877A8B81EDD441D0026AF21 /* main.cpp */,
				2877A8B91EDD441D0026AF21 /* Matrix.cpp */,
				2877A8BA1EDD441D0026AF21 /* Matrix.hpp */,
				2877A8BB1EDD441D0026AF21 /* Mesh.cpp */,
				2877A8BC1EDD441D0026AF21 /* Mesh.hpp */,
				2877A8BD1EDD441D0026AF21 /* Model.cpp */,
				2877A8BE1EDD441D0026AF21 /* Model.hpp */,
				2877A8BF1EDD441D0026AF21 /* ObjectProperties.cpp */,
				2877A8C01EDD441D0026AF21 /* ObjectProperties.hpp */,
				2877A8C11EDD441D0026AF21 /* RasTransform.cpp */,
				2877A8C21EDD441D0026AF21 /* RasTransform.hpp */,
				28C97A561EE40BFA006D3C95 /* RasMath.hpp */,
				2877A8C31EDD441D0026AF21 /* Renderer.cpp */,
				2877A8C41EDD441D0026AF21 /* Renderer.hpp */,
				2877A8C51EDD441D0026AF21 /* Vector.cpp */,
				2877A8C61EDD441D0026AF21 /* Vector.hpp */,
				28A42F8B1EE1CDA400921E1A /* EulerAngles.cpp */,
				28A42F8C1EE1CDA400921E1A /* EulerAngles.hpp */,
				28A42F8E1EE1CDC700921E1A /* RotationMatrix.cpp */,
				28A42F8F1EE1CDC700921E1A /* RotationMatrix.hpp */,
				28C97A531EE40A11006D3C95 /* Light.cpp */,
				28C97A541EE40A11006D3C95 /* Light.hpp */,
				2877A8B51EDD440E0026AF21 /* src */,
				283107F21EDC02FC006746EC /* 3DRasEngine */,
				283107F11EDC02FC006746EC /* Products */,
			);
			sourceTree = "<group>";
		};
		283107F11EDC02FC006746EC /* Products */ = {
			isa = PBXGroup;
			children = (
				283107F01EDC02FC006746EC /* 3DRasEngine */,
			);
			name = Products;
			sourceTree = "<group>";
		};
		283107F21EDC02FC006746EC /* 3DRasEngine */ = {
			isa = PBXGroup;
			children = (
			);
			path = 3DRasEngine;
			sourceTree = "<group>";
		};
/* End PBXGroup section */

/* Begin PBXNativeTarget section */
		283107EF1EDC02FC006746EC /* 3DRasEngine */ = {
			isa = PBXNativeTarget;
			buildConfigurationList = 283107F71EDC02FC006746EC /* Build configuration list for PBXNativeTarget "3DRasEngine" */;
			buildPhases = (
				283107EC1EDC02FC006746EC /* Sources */,
				283107ED1EDC02FC006746EC /* Frameworks */,
				283107EE1EDC02FC006746EC /* CopyFiles */,
			);
			buildRules = (
			);
			dependencies = (
			);
			name = 3DRasEngine;
			productName = 3DRasEngine;
			productReference = 283107F01EDC02FC006746EC /* 3DRasEngine */;
			productType = "com.apple.product-type.tool";
		};
/* End PBXNativeTarget section */

/* Begin PBXProject section */
		283107E81EDC02FC006746EC /* Project object */ = {
			isa = PBXProject;
			attributes = {
				LastUpgradeCheck = 0830;
				ORGANIZATIONNAME = "于京平";
				TargetAttributes = {
					283107EF1EDC02FC006746EC = {
						CreatedOnToolsVersion = 8.3.2;
						ProvisioningStyle = Automatic;
					};
				};
			};
			buildConfigurationList = 283107EB1EDC02FC006746EC /* Build configuration list for PBXProject "3DRasEngine" */;
			compatibilityVersion = "Xcode 3.2";
			developmentRegion = English;
			hasScannedForEncodings = 0;
			knownRegions = (
				en,
			);
			mainGroup = 283107E71EDC02FC006746EC;
			productRefGroup = 283107F11EDC02FC006746EC /* Products */;
			projectDirPath = "";
			projectRoot = "";
			targets = (
				283107EF1EDC02FC006746EC /* 3DRasEngine */,
			);
		};
/* End PBXProject section */

/* Begin PBXSourcesBuildPhase section */
		283107EC1EDC02FC006746EC /* Sources */ = {
			isa = PBXSourcesBuildPhase;
			buildActionMask = 2147483647;
			files = (
				28C97A551EE40A11006D3C95 /* Light.cpp in Sources */,
				2877A8C71EDD441D0026AF21 /* BMPManager.cpp in Sources */,
				2877A8C81EDD441D0026AF21 /* BMPManager.hpp in Sources */,
				2877A8C91EDD441D0026AF21 /* main.cpp in Sources */,
				2877A8CA1EDD441D0026AF21 /* Matrix.cpp in Sources */,
				2877A8CB1EDD441D0026AF21 /* Matrix.hpp in Sources */,
				2877A8CC1EDD441D0026AF21 /* Mesh.cpp in Sources */,
				2877A8CD1EDD441D0026AF21 /* Mesh.hpp in Sources */,
				28C97A571EE40C45006D3C95 /* RasMath.hpp in Sources */,
				2877A8CE1EDD441D0026AF21 /* Model.cpp in Sources */,
				2877A8CF1EDD441D0026AF21 /* Model.hpp in Sources */,
				2877A8D01EDD441D0026AF21 /* ObjectProperties.cpp in Sources */,
				28A42F8D1EE1CDA400921E1A /* EulerAngles.cpp in Sources */,
				2877A8D11EDD441D0026AF21 /* ObjectProperties.hpp in Sources */,
				2877A8DA1EDDD7220026AF21 /* Quaternion.cpp in Sources */,
				2877A8D21EDD441D0026AF21 /* RasTransform.cpp in Sources */,
				2877A8D31EDD441D0026AF21 /* RasTransform.hpp in Sources */,
				2877A8D41EDD441D0026AF21 /* Renderer.cpp in Sources */,
				28A42F901EE1CDC700921E1A /* RotationMatrix.cpp in Sources */,
				2877A8D51EDD441D0026AF21 /* Renderer.hpp in Sources */,
				2877A8D61EDD441D0026AF21 /* Vector.cpp in Sources */,
				2877A8D71EDD441D0026AF21 /* Vector.hpp in Sources */,
			);
			runOnlyForDeploymentPostprocessing = 0;
		};
/* End PBXSourcesBuildPhase section */

/* Begin XCBuildConfiguration section */
		283107F51EDC02FC006746EC /* Debug */ = {
			isa = XCBuildConfiguration;
			buildSettings = {
				ALWAYS_SEARCH_USER_PATHS = NO;
				CLANG_ANALYZER_NONNULL = YES;
				CLANG_ANALYZER_NUMBER_OBJECT_CONVERSION = YES_AGGRESSIVE;
				CLANG_CXX_LANGUAGE_STANDARD = "gnu++0x";
				CLANG_CXX_LIBRARY = "libc++";
				CLANG_ENABLE_MODULES = YES;
				CLANG_ENABLE_OBJC_ARC = YES;
				CLANG_WARN_BOOL_CONVERSION = YES;
				CLANG_WARN_CONSTANT_CONVERSION = YES;
				CLANG_WARN_DIRECT_OBJC_ISA_USAGE = YES_ERROR;
				CLANG_WARN_DOCUMENTATION_COMMENTS = YES;
				CLANG_WARN_EMPTY_BODY = YES;
				CLANG_WARN_ENUM_CONVERSION = YES;
				CLANG_WARN_INFINITE_RECURSION = YES;
				CLANG_WARN_INT_CONVERSION = YES;
				CLANG_WARN_OBJC_ROOT_CLASS = YES_ERROR;
				CLANG_WARN_SUSPICIOUS_MOVE = YES;
				CLANG_WARN_UNREACHABLE_CODE = YES;
				CLANG_WARN__DUPLICATE_METHOD_MATCH = YES;
				CODE_SIGN_IDENTITY = "-";
				COPY_PHASE_STRIP = NO;
				DEBUG_INFORMATION_FORMAT = dwarf;
				ENABLE_STRICT_OBJC_MSGSEND = YES;
				ENABLE_TESTABILITY = YES;
				GCC_C_LANGUAGE_STANDARD = gnu99;
				GCC_DYNAMIC_NO_PIC = NO;
				GCC_NO_COMMON_BLOCKS = YES;
				GCC_OPTIMIZATION_LEVEL = 0;
				GCC_PREPROCESSOR_DEFINITIONS = (
					"DEBUG=1",
					"$(inherited)",
				);
				GCC_WARN_64_TO_32_BIT_CONVERSION = YES;
				GCC_WARN_ABOUT_RETURN_TYPE = YES_ERROR;
				GCC_WARN_UNDECLARED_SELECTOR = YES;
				GCC_WARN_UNINITIALIZED_AUTOS = YES_AGGRESSIVE;
				GCC_WARN_UNUSED_FUNCTION = YES;
				GCC_WARN_UNUSED_VARIABLE = YES;
				MACOSX_DEPLOYMENT_TARGET = 10.12;
				MTL_ENABLE_DEBUG_INFO = YES;
				ONLY_ACTIVE_ARCH = YES;
				SDKROOT = macosx;
			};
			name = Debug;
		};
		283107F61EDC02FC006746EC /* Release */ = {
			isa = XCBuildConfiguration;
			buildSettings = {
				ALWAYS_SEARCH_USER_PATHS = NO;
				CLANG_ANALYZER_NONNULL = YES;
				CLANG_ANALYZER_NUMBER_OBJECT_CONVERSION = YES_AGGRESSIVE;
				CLANG_CXX_LANGUAGE_STANDARD = "gnu++0x";
				CLANG_CXX_LIBRARY = "libc++";
				CLANG_ENABLE_MODULES = YES;
				CLANG_ENABLE_OBJC_ARC = YES;
				CLANG_WARN_BOOL_CONVERSION = YES;
				CLANG_WARN_CONSTANT_CONVERSION = YES;
				CLANG_WARN_DIRECT_OBJC_ISA_USAGE = YES_ERROR;
				CLANG_WARN_DOCUMENTATION_COMMENTS = YES;
				CLANG_WARN_EMPTY_BODY = YES;
				CLANG_WARN_ENUM_CONVERSION = YES;
				CLANG_WARN_INFINITE_RECURSION = YES;
				CLANG_WARN_INT_CONVERSION = YES;
				CLANG_WARN_OBJC_ROOT_CLASS = YES_ERROR;
				CLANG_WARN_SUSPICIOUS_MOVE = YES;
				CLANG_WARN_UNREACHABLE_CODE = YES;
				CLANG_WARN__DUPLICATE_METHOD_MATCH = YES;
				CODE_SIGN_IDENTITY = "-";
				COPY_PHASE_STRIP = NO;
				DEBUG_INFORMATION_FORMAT = "dwarf-with-dsym";
				ENABLE_NS_ASSERTIONS = NO;
				ENABLE_STRICT_OBJC_MSGSEND = YES;
				GCC_C_LANGUAGE_STANDARD = gnu99;
				GCC_NO_COMMON_BLOCKS = YES;
				GCC_WARN_64_TO_32_BIT_CONVERSION = YES;
				GCC_WARN_ABOUT_RETURN_TYPE = YES_ERROR;
				GCC_WARN_UNDECLARED_SELECTOR = YES;
				GCC_WARN_UNINITIALIZED_AUTOS = YES_AGGRESSIVE;
				GCC_WARN_UNUSED_FUNCTION = YES;
				GCC_WARN_UNUSED_VARIABLE = YES;
				MACOSX_DEPLOYMENT_TARGET = 10.12;
				MTL_ENABLE_DEBUG_INFO = NO;
				SDKROOT = macosx;
			};
			name = Release;
		};
		283107F81EDC02FC006746EC /* Debug */ = {
			isa = XCBuildConfiguration;
			buildSettings = {
				PRODUCT_NAME = "$(TARGET_NAME)";
			};
			name = Debug;
		};
		283107F91EDC02FC006746EC /* Release */ = {
			isa = XCBuildConfiguration;
			buildSettings = {
				PRODUCT_NAME = "$(TARGET_NAME)";
			};
			name = Release;
		};
/* End XCBuildConfiguration section */

/* Begin XCConfigurationList section */
		283107EB1EDC02FC006746EC /* Build configuration list for PBXProject "3DRasEngine" */ = {
			isa = XCConfigurationList;
			buildConfigurations = (
				283107F51EDC02FC006746EC /* Debug */,
				283107F61EDC02FC006746EC /* Release */,
			);
			defaultConfigurationIsVisible = 0;
			defaultConfigurationName = Release;
		};
		283107F71EDC02FC006746EC /* Build configuration list for PBXNativeTarget "3DRasEngine" */ = {
			isa = XCConfigurationList;
			buildConfigurations = (
				283107F81EDC02FC006746EC /* Debug */,
				283107F91EDC02FC006746EC /* Release */,
			);
			defaultConfigurationIsVisible = 0;
			defaultConfigurationName = Release;
		};
/* End XCConfigurationList section */
	};
	rootObject = 283107E81EDC02FC006746EC /* Project object */;
}
