// !$*UTF8*$!
{
	archiveVersion = 1;
	classes = {
	};
	objectVersion = 46;
	objects = {

/* Begin PBXBuildFile section */
		28C97A9C1EE59031006D3C95 /* main.cpp in Sources */ = {isa = PBXBuildFile; fileRef = 28C97A7F1EE59031006D3C95 /* main.cpp */; };
		28C97A9D1EE59031006D3C95 /* EulerAngles.cpp in Sources */ = {isa = PBXBuildFile; fileRef = 28C97A801EE59031006D3C95 /* EulerAngles.cpp */; };
		28C97A9E1EE59031006D3C95 /* EulerAngles.hpp in Sources */ = {isa = PBXBuildFile; fileRef = 28C97A811EE59031006D3C95 /* EulerAngles.hpp */; };
		28C97A9F1EE59031006D3C95 /* Matrix.cpp in Sources */ = {isa = PBXBuildFile; fileRef = 28C97A821EE59031006D3C95 /* Matrix.cpp */; };
		28C97AA01EE59031006D3C95 /* Matrix.hpp in Sources */ = {isa = PBXBuildFile; fileRef = 28C97A831EE59031006D3C95 /* Matrix.hpp */; };
		28C97AA11EE59031006D3C95 /* Quaternion.cpp in Sources */ = {isa = PBXBuildFile; fileRef = 28C97A841EE59031006D3C95 /* Quaternion.cpp */; };
		28C97AA31EE59031006D3C95 /* RasMath.hpp in Sources */ = {isa = PBXBuildFile; fileRef = 28C97A861EE59031006D3C95 /* RasMath.hpp */; };
		28C97AA41EE59031006D3C95 /* RotationMatrix.cpp in Sources */ = {isa = PBXBuildFile; fileRef = 28C97A871EE59031006D3C95 /* RotationMatrix.cpp */; };
		28C97AA61EE59031006D3C95 /* Vector.cpp in Sources */ = {isa = PBXBuildFile; fileRef = 28C97A891EE59031006D3C95 /* Vector.cpp */; };
		28C97AA81EE59031006D3C95 /* Mesh.cpp in Sources */ = {isa = PBXBuildFile; fileRef = 28C97A8B1EE59031006D3C95 /* Mesh.cpp */; };
		28C97AAA1EE59031006D3C95 /* Model.cpp in Sources */ = {isa = PBXBuildFile; fileRef = 28C97A8D1EE59031006D3C95 /* Model.cpp */; };
		28C97AAC1EE59031006D3C95 /* Renderer.cpp in Sources */ = {isa = PBXBuildFile; fileRef = 28C97A8F1EE59031006D3C95 /* Renderer.cpp */; };
		28C97AAE1EE59031006D3C95 /* ShaderLab.cpp in Sources */ = {isa = PBXBuildFile; fileRef = 28C97A911EE59031006D3C95 /* ShaderLab.cpp */; };
		28C97AB01EE59031006D3C95 /* RasTransform.cpp in Sources */ = {isa = PBXBuildFile; fileRef = 28C97A931EE59031006D3C95 /* RasTransform.cpp */; };
		28C97AB21EE59031006D3C95 /* BMPManager.cpp in Sources */ = {isa = PBXBuildFile; fileRef = 28C97A951EE59031006D3C95 /* BMPManager.cpp */; };
		28C97AB41EE59031006D3C95 /* Light.cpp in Sources */ = {isa = PBXBuildFile; fileRef = 28C97A971EE59031006D3C95 /* Light.cpp */; };
		28C97AB61EE59031006D3C95 /* ObjectProperties.cpp in Sources */ = {isa = PBXBuildFile; fileRef = 28C97A991EE59031006D3C95 /* ObjectProperties.cpp */; };
		28C97AB81EE59031006D3C95 /* ShaderProperty.hpp in Sources */ = {isa = PBXBuildFile; fileRef = 28C97A9B1EE59031006D3C95 /* ShaderProperty.hpp */; };
/* End PBXBuildFile section */

/* Begin PBXCopyFilesBuildPhase section */
		283107EE1EDC02FC006746EC /* CopyFiles */ = {
			isa = PBXCopyFilesBuildPhase;
			buildActionMask = 2147483647;
			dstPath = /usr/share/man/man1/;
			dstSubfolderSpec = 0;
			files = (
			);
			runOnlyForDeploymentPostprocessing = 1;
		};
/* End PBXCopyFilesBuildPhase section */

/* Begin PBXFileReference section */
		283107F01EDC02FC006746EC /* 3DRasEngine */ = {isa = PBXFileReference; explicitFileType = "compiled.mach-o.executable"; includeInIndex = 0; path = 3DRasEngine; sourceTree = BUILT_PRODUCTS_DIR; };
		2877A8B51EDD440E0026AF21 /* src */ = {isa = PBXFileReference; lastKnownFileType = folder; name = src; path = ../src; sourceTree = "<group>"; };
		28C97A7F1EE59031006D3C95 /* main.cpp */ = {isa = PBXFileReference; lastKnownFileType = sourcecode.cpp.cpp; name = main.cpp; path = ../src/main.cpp; sourceTree = "<group>"; usesTabs = 1; };
		28C97A801EE59031006D3C95 /* EulerAngles.cpp */ = {isa = PBXFileReference; lastKnownFileType = sourcecode.cpp.cpp; name = EulerAngles.cpp; path = ../src/Math/EulerAngles.cpp; sourceTree = "<group>"; usesTabs = 1; };
		28C97A811EE59031006D3C95 /* EulerAngles.hpp */ = {isa = PBXFileReference; lastKnownFileType = sourcecode.cpp.h; name = EulerAngles.hpp; path = ../src/Math/EulerAngles.hpp; sourceTree = "<group>"; usesTabs = 1; };
		28C97A821EE59031006D3C95 /* Matrix.cpp */ = {isa = PBXFileReference; lastKnownFileType = sourcecode.cpp.cpp; name = Matrix.cpp; path = ../src/Math/Matrix.cpp; sourceTree = "<group>"; usesTabs = 1; };
		28C97A831EE59031006D3C95 /* Matrix.hpp */ = {isa = PBXFileReference; lastKnownFileType = sourcecode.cpp.h; name = Matrix.hpp; path = ../src/Math/Matrix.hpp; sourceTree = "<group>"; usesTabs = 1; };
		28C97A841EE59031006D3C95 /* Quaternion.cpp */ = {isa = PBXFileReference; lastKnownFileType = sourcecode.cpp.cpp; name = Quaternion.cpp; path = ../src/Math/Quaternion.cpp; sourceTree = "<group>"; usesTabs = 1; };
		28C97A851EE59031006D3C95 /* Quaternion.hpp */ = {isa = PBXFileReference; lastKnownFileType = sourcecode.cpp.h; name = Quaternion.hpp; path = ../src/Math/Quaternion.hpp; sourceTree = "<group>"; usesTabs = 1; };
		28C97A861EE59031006D3C95 /* RasMath.hpp */ = {isa = PBXFileReference; lastKnownFileType = sourcecode.cpp.h; name = RasMath.hpp; path = ../src/Math/RasMath.hpp; sourceTree = "<group>"; usesTabs = 1; };
		28C97A871EE59031006D3C95 /* RotationMatrix.cpp */ = {isa = PBXFileReference; lastKnownFileType = sourcecode.cpp.cpp; name = RotationMatrix.cpp; path = ../src/Math/RotationMatrix.cpp; sourceTree = "<group>"; usesTabs = 1; };
		28C97A881EE59031006D3C95 /* RotationMatrix.hpp */ = {isa = PBXFileReference; lastKnownFileType = sourcecode.cpp.h; name = RotationMatrix.hpp; path = ../src/Math/RotationMatrix.hpp; sourceTree = "<group>"; usesTabs = 1; };
		28C97A891EE59031006D3C95 /* Vector.cpp */ = {isa = PBXFileReference; lastKnownFileType = sourcecode.cpp.cpp; name = Vector.cpp; path = ../src/Math/Vector.cpp; sourceTree = "<group>"; usesTabs = 1; };
		28C97A8A1EE59031006D3C95 /* Vector.hpp */ = {isa = PBXFileReference; lastKnownFileType = sourcecode.cpp.h; name = Vector.hpp; path = ../src/Math/Vector.hpp; sourceTree = "<group>"; usesTabs = 1; };
		28C97A8B1EE59031006D3C95 /* Mesh.cpp */ = {isa = PBXFileReference; lastKnownFileType = sourcecode.cpp.cpp; name = Mesh.cpp; path = ../src/Model/Mesh.cpp; sourceTree = "<group>"; usesTabs = 1; };
		28C97A8C1EE59031006D3C95 /* Mesh.hpp */ = {isa = PBXFileReference; lastKnownFileType = sourcecode.cpp.h; name = Mesh.hpp; path = ../src/Model/Mesh.hpp; sourceTree = "<group>"; usesTabs = 1; };
		28C97A8D1EE59031006D3C95 /* Model.cpp */ = {isa = PBXFileReference; lastKnownFileType = sourcecode.cpp.cpp; name = Model.cpp; path = ../src/Model/Model.cpp; sourceTree = "<group>"; usesTabs = 1; };
		28C97A8E1EE59031006D3C95 /* Model.hpp */ = {isa = PBXFileReference; lastKnownFileType = sourcecode.cpp.h; name = Model.hpp; path = ../src/Model/Model.hpp; sourceTree = "<group>"; usesTabs = 1; };
		28C97A8F1EE59031006D3C95 /* Renderer.cpp */ = {isa = PBXFileReference; lastKnownFileType = sourcecode.cpp.cpp; name = Renderer.cpp; path = ../src/Render/Renderer.cpp; sourceTree = "<group>"; usesTabs = 1; };
		28C97A901EE59031006D3C95 /* Renderer.hpp */ = {isa = PBXFileReference; lastKnownFileType = sourcecode.cpp.h; name = Renderer.hpp; path = ../src/Render/Renderer.hpp; sourceTree = "<group>"; usesTabs = 1; };
		28C97A911EE59031006D3C95 /* ShaderLab.cpp */ = {isa = PBXFileReference; lastKnownFileType = sourcecode.cpp.cpp; name = ShaderLab.cpp; path = ../src/Render/ShaderLab.cpp; sourceTree = "<group>"; usesTabs = 1; };
		28C97A921EE59031006D3C95 /* ShaderLab.hpp */ = {isa = PBXFileReference; lastKnownFileType = sourcecode.cpp.h; name = ShaderLab.hpp; path = ../src/Render/ShaderLab.hpp; sourceTree = "<group>"; usesTabs = 1; };
		28C97A931EE59031006D3C95 /* RasTransform.cpp */ = {isa = PBXFileReference; lastKnownFileType = sourcecode.cpp.cpp; name = RasTransform.cpp; path = ../src/Trans/RasTransform.cpp; sourceTree = "<group>"; usesTabs = 1; };
		28C97A941EE59031006D3C95 /* RasTransform.hpp */ = {isa = PBXFileReference; lastKnownFileType = sourcecode.cpp.h; name = RasTransform.hpp; path = ../src/Trans/RasTransform.hpp; sourceTree = "<group>"; usesTabs = 1; };
		28C97A951EE59031006D3C95 /* BMPManager.cpp */ = {isa = PBXFileReference; lastKnownFileType = sourcecode.cpp.cpp; name = BMPManager.cpp; path = ../src/Util/BMPManager.cpp; sourceTree = "<group>"; usesTabs = 1; };
		28C97A961EE59031006D3C95 /* BMPManager.hpp */ = {isa = PBXFileReference; lastKnownFileType = sourcecode.cpp.h; name = BMPManager.hpp; path = ../src/Util/BMPManager.hpp; sourceTree = "<group>"; usesTabs = 1; };
		28C97A971EE59031006D3C95 /* Light.cpp */ = {isa = PBXFileReference; lastKnownFileType = sourcecode.cpp.cpp; name = Light.cpp; path = ../src/Util/Light.cpp; sourceTree = "<group>"; usesTabs = 1; };
		28C97A981EE59031006D3C95 /* Light.hpp */ = {isa = PBXFileReference; lastKnownFileType = sourcecode.cpp.h; name = Light.hpp; path = ../src/Util/Light.hpp; sourceTree = "<group>"; usesTabs = 1; };
		28C97A991EE59031006D3C95 /* ObjectProperties.cpp */ = {isa = PBXFileReference; lastKnownFileType = sourcecode.cpp.cpp; name = ObjectProperties.cpp; path = ../src/Util/ObjectProperties.cpp; sourceTree = "<group>"; usesTabs = 1; };
		28C97A9A1EE59031006D3C95 /* ObjectProperties.hpp */ = {isa = PBXFileReference; lastKnownFileType = sourcecode.cpp.h; name = ObjectProperties.hpp; path = ../src/Util/ObjectProperties.hpp; sourceTree = "<group>"; usesTabs = 1; };
		28C97A9B1EE59031006D3C95 /* ShaderProperty.hpp */ = {isa = PBXFileReference; lastKnownFileType = sourcecode.cpp.h; name = ShaderProperty.hpp; path = ../src/Util/ShaderProperty.hpp; sourceTree = "<group>"; usesTabs = 1; };
/* End PBXFileReference section */

/* Begin PBXFrameworksBuildPhase section */
		283107ED1EDC02FC006746EC /* Frameworks */ = {
			isa = PBXFrameworksBuildPhase;
			buildActionMask = 2147483647;
			files = (
			);
			runOnlyForDeploymentPostprocessing = 0;
		};
/* End PBXFrameworksBuildPhase section */

/* Begin PBXGroup section */
		283107E71EDC02FC006746EC = {
			isa = PBXGroup;
			children = (
				28C97A7F1EE59031006D3C95 /* main.cpp */,
				28C97A801EE59031006D3C95 /* EulerAngles.cpp */,
				28C97A811EE59031006D3C95 /* EulerAngles.hpp */,
				28C97A821EE59031006D3C95 /* Matrix.cpp */,
				28C97A831EE59031006D3C95 /* Matrix.hpp */,
				28C97A841EE59031006D3C95 /* Quaternion.cpp */,
				28C97A851EE59031006D3C95 /* Quaternion.hpp */,
				28C97A861EE59031006D3C95 /* RasMath.hpp */,
				28C97A871EE59031006D3C95 /* RotationMatrix.cpp */,
				28C97A881EE59031006D3C95 /* RotationMatrix.hpp */,
				28C97A891EE59031006D3C95 /* Vector.cpp */,
				28C97A8A1EE59031006D3C95 /* Vector.hpp */,
				28C97A8B1EE59031006D3C95 /* Mesh.cpp */,
				28C97A8C1EE59031006D3C95 /* Mesh.hpp */,
				28C97A8D1EE59031006D3C95 /* Model.cpp */,
				28C97A8E1EE59031006D3C95 /* Model.hpp */,
				28C97A8F1EE59031006D3C95 /* Renderer.cpp */,
				28C97A901EE59031006D3C95 /* Renderer.hpp */,
				28C97A911EE59031006D3C95 /* ShaderLab.cpp */,
				28C97A921EE59031006D3C95 /* ShaderLab.hpp */,
				28C97A931EE59031006D3C95 /* RasTransform.cpp */,
				28C97A941EE59031006D3C95 /* RasTransform.hpp */,
				28C97A951EE59031006D3C95 /* BMPManager.cpp */,
				28C97A961EE59031006D3C95 /* BMPManager.hpp */,
				28C97A971EE59031006D3C95 /* Light.cpp */,
				28C97A981EE59031006D3C95 /* Light.hpp */,
				28C97A991EE59031006D3C95 /* ObjectProperties.cpp */,
				28C97A9A1EE59031006D3C95 /* ObjectProperties.hpp */,
				28C97A9B1EE59031006D3C95 /* ShaderProperty.hpp */,
				2877A8B51EDD440E0026AF21 /* src */,
				283107F21EDC02FC006746EC /* 3DRasEngine */,
				283107F11EDC02FC006746EC /* Products */,
			);
			sourceTree = "<group>";
		};
		283107F11EDC02FC006746EC /* Products */ = {
			isa = PBXGroup;
			children = (
				283107F01EDC02FC006746EC /* 3DRasEngine */,
			);
			name = Products;
			sourceTree = "<group>";
		};
		283107F21EDC02FC006746EC /* 3DRasEngine */ = {
			isa = PBXGroup;
			children = (
			);
			path = 3DRasEngine;
			sourceTree = "<group>";
		};
/* End PBXGroup section */

/* Begin PBXNativeTarget section */
		283107EF1EDC02FC006746EC /* 3DRasEngine */ = {
			isa = PBXNativeTarget;
			buildConfigurationList = 283107F71EDC02FC006746EC /* Build configuration list for PBXNativeTarget "3DRasEngine" */;
			buildPhases = (
				283107EC1EDC02FC006746EC /* Sources */,
				283107ED1EDC02FC006746EC /* Frameworks */,
				283107EE1EDC02FC006746EC /* CopyFiles */,
			);
			buildRules = (
			);
			dependencies = (
			);
			name = 3DRasEngine;
			productName = 3DRasEngine;
			productReference = 283107F01EDC02FC006746EC /* 3DRasEngine */;
			productType = "com.apple.product-type.tool";
		};
/* End PBXNativeTarget section */

/* Begin PBXProject section */
		283107E81EDC02FC006746EC /* Project object */ = {
			isa = PBXProject;
			attributes = {
				LastUpgradeCheck = 0830;
				ORGANIZATIONNAME = "于京平";
				TargetAttributes = {
					283107EF1EDC02FC006746EC = {
						CreatedOnToolsVersion = 8.3.2;
						ProvisioningStyle = Automatic;
					};
				};
			};
			buildConfigurationList = 283107EB1EDC02FC006746EC /* Build configuration list for PBXProject "3DRasEngine" */;
			compatibilityVersion = "Xcode 3.2";
			developmentRegion = English;
			hasScannedForEncodings = 0;
			knownRegions = (
				en,
			);
			mainGroup = 283107E71EDC02FC006746EC;
			productRefGroup = 283107F11EDC02FC006746EC /* Products */;
			projectDirPath = "";
			projectRoot = "";
			targets = (
				283107EF1EDC02FC006746EC /* 3DRasEngine */,
			);
		};
/* End PBXProject section */

/* Begin PBXSourcesBuildPhase section */
		283107EC1EDC02FC006746EC /* Sources */ = {
			isa = PBXSourcesBuildPhase;
			buildActionMask = 2147483647;
			files = (
				28C97A9C1EE59031006D3C95 /* main.cpp in Sources */,
				28C97A9D1EE59031006D3C95 /* EulerAngles.cpp in Sources */,
				28C97A9E1EE59031006D3C95 /* EulerAngles.hpp in Sources */,
				28C97A9F1EE59031006D3C95 /* Matrix.cpp in Sources */,
				28C97AA01EE59031006D3C95 /* Matrix.hpp in Sources */,
				28C97AA11EE59031006D3C95 /* Quaternion.cpp in Sources */,
				28C97AA31EE59031006D3C95 /* RasMath.hpp in Sources */,
				28C97AA41EE59031006D3C95 /* RotationMatrix.cpp in Sources */,
				28C97AA61EE59031006D3C95 /* Vector.cpp in Sources */,
				28C97AA81EE59031006D3C95 /* Mesh.cpp in Sources */,
				28C97AAA1EE59031006D3C95 /* Model.cpp in Sources */,
				28C97AAC1EE59031006D3C95 /* Renderer.cpp in Sources */,
				28C97AAE1EE59031006D3C95 /* ShaderLab.cpp in Sources */,
				28C97AB01EE59031006D3C95 /* RasTransform.cpp in Sources */,
				28C97AB21EE59031006D3C95 /* BMPManager.cpp in Sources */,
				28C97AB41EE59031006D3C95 /* Light.cpp in Sources */,
				28C97AB61EE59031006D3C95 /* ObjectProperties.cpp in Sources */,
				28C97AB81EE59031006D3C95 /* ShaderProperty.hpp in Sources */,
			);
			runOnlyForDeploymentPostprocessing = 0;
		};
/* End PBXSourcesBuildPhase section */

/* Begin XCBuildConfiguration section */
		283107F51EDC02FC006746EC /* Debug */ = {
			isa = XCBuildConfiguration;
			buildSettings = {
				ALWAYS_SEARCH_USER_PATHS = NO;
				CLANG_ANALYZER_NONNULL = YES;
				CLANG_ANALYZER_NUMBER_OBJECT_CONVERSION = YES_AGGRESSIVE;
				CLANG_CXX_LANGUAGE_STANDARD = "gnu++0x";
				CLANG_CXX_LIBRARY = "libc++";
				CLANG_ENABLE_MODULES = YES;
				CLANG_ENABLE_OBJC_ARC = YES;
				CLANG_WARN_BOOL_CONVERSION = YES;
				CLANG_WARN_CONSTANT_CONVERSION = YES;
				CLANG_WARN_DIRECT_OBJC_ISA_USAGE = YES_ERROR;
				CLANG_WARN_DOCUMENTATION_COMMENTS = YES;
				CLANG_WARN_EMPTY_BODY = YES;
				CLANG_WARN_ENUM_CONVERSION = YES;
				CLANG_WARN_INFINITE_RECURSION = YES;
				CLANG_WARN_INT_CONVERSION = YES;
				CLANG_WARN_OBJC_ROOT_CLASS = YES_ERROR;
				CLANG_WARN_SUSPICIOUS_MOVE = YES;
				CLANG_WARN_UNREACHABLE_CODE = YES;
				CLANG_WARN__DUPLICATE_METHOD_MATCH = YES;
				CODE_SIGN_IDENTITY = "-";
				COPY_PHASE_STRIP = NO;
				DEBUG_INFORMATION_FORMAT = dwarf;
				ENABLE_STRICT_OBJC_MSGSEND = YES;
				ENABLE_TESTABILITY = YES;
				GCC_C_LANGUAGE_STANDARD = gnu99;
				GCC_DYNAMIC_NO_PIC = NO;
				GCC_NO_COMMON_BLOCKS = YES;
				GCC_OPTIMIZATION_LEVEL = 0;
				GCC_PREPROCESSOR_DEFINITIONS = (
					"DEBUG=1",
					"$(inherited)",
				);
				GCC_WARN_64_TO_32_BIT_CONVERSION = YES;
				GCC_WARN_ABOUT_RETURN_TYPE = YES_ERROR;
				GCC_WARN_UNDECLARED_SELECTOR = YES;
				GCC_WARN_UNINITIALIZED_AUTOS = YES_AGGRESSIVE;
				GCC_WARN_UNUSED_FUNCTION = YES;
				GCC_WARN_UNUSED_VARIABLE = YES;
				MACOSX_DEPLOYMENT_TARGET = 10.12;
				MTL_ENABLE_DEBUG_INFO = YES;
				ONLY_ACTIVE_ARCH = YES;
				SDKROOT = macosx;
			};
			name = Debug;
		};
		283107F61EDC02FC006746EC /* Release */ = {
			isa = XCBuildConfiguration;
			buildSettings = {
				ALWAYS_SEARCH_USER_PATHS = NO;
				CLANG_ANALYZER_NONNULL = YES;
				CLANG_ANALYZER_NUMBER_OBJECT_CONVERSION = YES_AGGRESSIVE;
				CLANG_CXX_LANGUAGE_STANDARD = "gnu++0x";
				CLANG_CXX_LIBRARY = "libc++";
				CLANG_ENABLE_MODULES = YES;
				CLANG_ENABLE_OBJC_ARC = YES;
				CLANG_WARN_BOOL_CONVERSION = YES;
				CLANG_WARN_CONSTANT_CONVERSION = YES;
				CLANG_WARN_DIRECT_OBJC_ISA_USAGE = YES_ERROR;
				CLANG_WARN_DOCUMENTATION_COMMENTS = YES;
				CLANG_WARN_EMPTY_BODY = YES;
				CLANG_WARN_ENUM_CONVERSION = YES;
				CLANG_WARN_INFINITE_RECURSION = YES;
				CLANG_WARN_INT_CONVERSION = YES;
				CLANG_WARN_OBJC_ROOT_CLASS = YES_ERROR;
				CLANG_WARN_SUSPICIOUS_MOVE = YES;
				CLANG_WARN_UNREACHABLE_CODE = YES;
				CLANG_WARN__DUPLICATE_METHOD_MATCH = YES;
				CODE_SIGN_IDENTITY = "-";
				COPY_PHASE_STRIP = NO;
				DEBUG_INFORMATION_FORMAT = "dwarf-with-dsym";
				ENABLE_NS_ASSERTIONS = NO;
				ENABLE_STRICT_OBJC_MSGSEND = YES;
				GCC_C_LANGUAGE_STANDARD = gnu99;
				GCC_NO_COMMON_BLOCKS = YES;
				GCC_WARN_64_TO_32_BIT_CONVERSION = YES;
				GCC_WARN_ABOUT_RETURN_TYPE = YES_ERROR;
				GCC_WARN_UNDECLARED_SELECTOR = YES;
				GCC_WARN_UNINITIALIZED_AUTOS = YES_AGGRESSIVE;
				GCC_WARN_UNUSED_FUNCTION = YES;
				GCC_WARN_UNUSED_VARIABLE = YES;
				MACOSX_DEPLOYMENT_TARGET = 10.12;
				MTL_ENABLE_DEBUG_INFO = NO;
				SDKROOT = macosx;
			};
			name = Release;
		};
		283107F81EDC02FC006746EC /* Debug */ = {
			isa = XCBuildConfiguration;
			buildSettings = {
				PRODUCT_NAME = "$(TARGET_NAME)";
			};
			name = Debug;
		};
		283107F91EDC02FC006746EC /* Release */ = {
			isa = XCBuildConfiguration;
			buildSettings = {
				PRODUCT_NAME = "$(TARGET_NAME)";
			};
			name = Release;
		};
/* End XCBuildConfiguration section */

/* Begin XCConfigurationList section */
		283107EB1EDC02FC006746EC /* Build configuration list for PBXProject "3DRasEngine" */ = {
			isa = XCConfigurationList;
			buildConfigurations = (
				283107F51EDC02FC006746EC /* Debug */,
				283107F61EDC02FC006746EC /* Release */,
			);
			defaultConfigurationIsVisible = 0;
			defaultConfigurationName = Release;
		};
		283107F71EDC02FC006746EC /* Build configuration list for PBXNativeTarget "3DRasEngine" */ = {
			isa = XCConfigurationList;
			buildConfigurations = (
				283107F81EDC02FC006746EC /* Debug */,
				283107F91EDC02FC006746EC /* Release */,
			);
			defaultConfigurationIsVisible = 0;
			defaultConfigurationName = Release;
		};
/* End XCConfigurationList section */
	};
	rootObject = 283107E81EDC02FC006746EC /* Project object */;
}
